// !$*UTF8*$!
{
	archiveVersion = 1;
	classes = {
	};
	objectVersion = 46;
	objects = {

/* Begin PBXBuildFile section */
		4383C46D1F107C72005F3B57 /* CaculateEngine.swift in Sources */ = {isa = PBXBuildFile; fileRef = 4383C46C1F107C72005F3B57 /* CaculateEngine.swift */; };
		43FF4BF01F08B3D600DF3B70 /* AppDelegate.swift in Sources */ = {isa = PBXBuildFile; fileRef = 43FF4BEF1F08B3D600DF3B70 /* AppDelegate.swift */; };
		43FF4BF21F08B3D600DF3B70 /* ViewController.swift in Sources */ = {isa = PBXBuildFile; fileRef = 43FF4BF11F08B3D600DF3B70 /* ViewController.swift */; };
		43FF4BF51F08B3D600DF3B70 /* Main.storyboard in Resources */ = {isa = PBXBuildFile; fileRef = 43FF4BF31F08B3D600DF3B70 /* Main.storyboard */; };
		43FF4BF71F08B3D600DF3B70 /* Assets.xcassets in Resources */ = {isa = PBXBuildFile; fileRef = 43FF4BF61F08B3D600DF3B70 /* Assets.xcassets */; };
		43FF4BFA1F08B3D600DF3B70 /* LaunchScreen.storyboard in Resources */ = {isa = PBXBuildFile; fileRef = 43FF4BF81F08B3D600DF3B70 /* LaunchScreen.storyboard */; };
/* End PBXBuildFile section */

/* Begin PBXFileReference section */
		4383C46C1F107C72005F3B57 /* CaculateEngine.swift */ = {isa = PBXFileReference; fileEncoding = 4; lastKnownFileType = sourcecode.swift; path = CaculateEngine.swift; sourceTree = "<group>"; };
		43FF4BEC1F08B3D600DF3B70 /* Caculator.app */ = {isa = PBXFileReference; explicitFileType = wrapper.application; includeInIndex = 0; path = Caculator.app; sourceTree = BUILT_PRODUCTS_DIR; };
		43FF4BEF1F08B3D600DF3B70 /* AppDelegate.swift */ = {isa = PBXFileReference; lastKnownFileType = sourcecode.swift; path = AppDelegate.swift; sourceTree = "<group>"; };
		43FF4BF11F08B3D600DF3B70 /* ViewController.swift */ = {isa = PBXFileReference; lastKnownFileType = sourcecode.swift; path = ViewController.swift; sourceTree = "<group>"; };
		43FF4BF41F08B3D600DF3B70 /* Base */ = {isa = PBXFileReference; lastKnownFileType = file.storyboard; name = Base; path = Base.lproj/Main.storyboard; sourceTree = "<group>"; };
		43FF4BF61F08B3D600DF3B70 /* Assets.xcassets */ = {isa = PBXFileReference; lastKnownFileType = folder.assetcatalog; path = Assets.xcassets; sourceTree = "<group>"; };
		43FF4BF91F08B3D600DF3B70 /* Base */ = {isa = PBXFileReference; lastKnownFileType = file.storyboard; name = Base; path = Base.lproj/LaunchScreen.storyboard; sourceTree = "<group>"; };
		43FF4BFB1F08B3D600DF3B70 /* Info.plist */ = {isa = PBXFileReference; lastKnownFileType = text.plist.xml; path = Info.plist; sourceTree = "<group>"; };
/* End PBXFileReference section */

/* Begin PBXFrameworksBuildPhase section */
		43FF4BE91F08B3D600DF3B70 /* Frameworks */ = {
			isa = PBXFrameworksBuildPhase;
			buildActionMask = 2147483647;
			files = (
			);
			runOnlyForDeploymentPostprocessing = 0;
		};
/* End PBXFrameworksBuildPhase section */

/* Begin PBXGroup section */
		43FF4BE31F08B3D600DF3B70 = {
			isa = PBXGroup;
			children = (
				43FF4BEE1F08B3D600DF3B70 /* Caculator */,
				43FF4BED1F08B3D600DF3B70 /* Products */,
			);
			sourceTree = "<group>";
		};
		43FF4BED1F08B3D600DF3B70 /* Products */ = {
			isa = PBXGroup;
			children = (
				43FF4BEC1F08B3D600DF3B70 /* Caculator.app */,
			);
			name = Products;
			sourceTree = "<group>";
		};
		43FF4BEE1F08B3D600DF3B70 /* Caculator */ = {
			isa = PBXGroup;
			children = (
				4383C46C1F107C72005F3B57 /* CaculateEngine.swift */,
				43FF4BF11F08B3D600DF3B70 /* ViewController.swift */,
				43FF4BF31F08B3D600DF3B70 /* Main.storyboard */,
				43FF4C011F08B41100DF3B70 /* supportive files */,
			);
			path = Caculator;
			sourceTree = "<group>";
		};
		43FF4C011F08B41100DF3B70 /* supportive files */ = {
			isa = PBXGroup;
			children = (
				43FF4BEF1F08B3D600DF3B70 /* AppDelegate.swift */,
				43FF4BF61F08B3D600DF3B70 /* Assets.xcassets */,
				43FF4BF81F08B3D600DF3B70 /* LaunchScreen.storyboard */,
				43FF4BFB1F08B3D600DF3B70 /* Info.plist */,
			);
			name = "supportive files";
			sourceTree = "<group>";
		};
/* End PBXGroup section */

/* Begin PBXNativeTarget section */
		43FF4BEB1F08B3D600DF3B70 /* Caculator */ = {
			isa = PBXNativeTarget;
			buildConfigurationList = 43FF4BFE1F08B3D600DF3B70 /* Build configuration list for PBXNativeTarget "Caculator" */;
			buildPhases = (
				43FF4BE81F08B3D600DF3B70 /* Sources */,
				43FF4BE91F08B3D600DF3B70 /* Frameworks */,
				43FF4BEA1F08B3D600DF3B70 /* Resources */,
			);
			buildRules = (
			);
			dependencies = (
			);
			name = Caculator;
			productName = Caculator;
			productReference = 43FF4BEC1F08B3D600DF3B70 /* Caculator.app */;
			productType = "com.apple.product-type.application";
		};
/* End PBXNativeTarget section */

/* Begin PBXProject section */
		43FF4BE41F08B3D600DF3B70 /* Project object */ = {
			isa = PBXProject;
			attributes = {
				LastSwiftUpdateCheck = 0730;
				LastUpgradeCheck = 0830;
				ORGANIZATIONNAME = Vicken;
				TargetAttributes = {
					43FF4BEB1F08B3D600DF3B70 = {
						CreatedOnToolsVersion = 7.3;
						DevelopmentTeam = P7P428GTUM;
						LastSwiftMigration = 0830;
					};
				};
			};
			buildConfigurationList = 43FF4BE71F08B3D600DF3B70 /* Build configuration list for PBXProject "Caculator" */;
			compatibilityVersion = "Xcode 3.2";
			developmentRegion = English;
			hasScannedForEncodings = 0;
			knownRegions = (
				en,
				Base,
			);
			mainGroup = 43FF4BE31F08B3D600DF3B70;
			productRefGroup = 43FF4BED1F08B3D600DF3B70 /* Products */;
			projectDirPath = "";
			projectRoot = "";
			targets = (
				43FF4BEB1F08B3D600DF3B70 /* Caculator */,
			);
		};
/* End PBXProject section */

/* Begin PBXResourcesBuildPhase section */
		43FF4BEA1F08B3D600DF3B70 /* Resources */ = {
			isa = PBXResourcesBuildPhase;
			buildActionMask = 2147483647;
			files = (
				43FF4BFA1F08B3D600DF3B70 /* LaunchScreen.storyboard in Resources */,
				43FF4BF71F08B3D600DF3B70 /* Assets.xcassets in Resources */,
				43FF4BF51F08B3D600DF3B70 /* Main.storyboard in Resources */,
			);
			runOnlyForDeploymentPostprocessing = 0;
		};
/* End PBXResourcesBuildPhase section */

/* Begin PBXSourcesBuildPhase section */
		43FF4BE81F08B3D600DF3B70 /* Sources */ = {
			isa = PBXSourcesBuildPhase;
			buildActionMask = 2147483647;
			files = (
				43FF4BF21F08B3D600DF3B70 /* ViewController.swift in Sources */,
				4383C46D1F107C72005F3B57 /* CaculateEngine.swift in Sources */,
				43FF4BF01F08B3D600DF3B70 /* AppDelegate.swift in Sources */,
			);
			runOnlyForDeploymentPostprocessing = 0;
		};
/* End PBXSourcesBuildPhase section */

/* Begin PBXVariantGroup section */
		43FF4BF31F08B3D600DF3B70 /* Main.storyboard */ = {
			isa = PBXVariantGroup;
			children = (
				43FF4BF41F08B3D600DF3B70 /* Base */,
			);
			name = Main.storyboard;
			sourceTree = "<group>";
		};
		43FF4BF81F08B3D600DF3B70 /* LaunchScreen.storyboard */ = {
			isa = PBXVariantGroup;
			children = (
				43FF4BF91F08B3D600DF3B70 /* Base */,
			);
			name = LaunchScreen.storyboard;
			sourceTree = "<group>";
		};
/* End PBXVariantGroup section */

/* Begin XCBuildConfiguration section */
		43FF4BFC1F08B3D600DF3B70 /* Debug */ = {
			isa = XCBuildConfiguration;
			buildSettings = {
				ALWAYS_SEARCH_USER_PATHS = NO;
				CLANG_ANALYZER_NONNULL = YES;
				CLANG_CXX_LANGUAGE_STANDARD = "gnu++0x";
				CLANG_CXX_LIBRARY = "libc++";
				CLANG_ENABLE_MODULES = YES;
				CLANG_ENABLE_OBJC_ARC = YES;
				CLANG_WARN_BOOL_CONVERSION = YES;
				CLANG_WARN_CONSTANT_CONVERSION = YES;
				CLANG_WARN_DIRECT_OBJC_ISA_USAGE = YES_ERROR;
				CLANG_WARN_EMPTY_BODY = YES;
				CLANG_WARN_ENUM_CONVERSION = YES;
				CLANG_WARN_INFINITE_RECURSION = YES;
				CLANG_WARN_INT_CONVERSION = YES;
				CLANG_WARN_OBJC_ROOT_CLASS = YES_ERROR;
				CLANG_WARN_SUSPICIOUS_MOVE = YES;
				CLANG_WARN_UNREACHABLE_CODE = YES;
				CLANG_WARN__DUPLICATE_METHOD_MATCH = YES;
				"CODE_SIGN_IDENTITY[sdk=iphoneos*]" = "iPhone Developer";
				COPY_PHASE_STRIP = NO;
				DEBUG_INFORMATION_FORMAT = dwarf;
				ENABLE_STRICT_OBJC_MSGSEND = YES;
				ENABLE_TESTABILITY = YES;
				GCC_C_LANGUAGE_STANDARD = gnu99;
				GCC_DYNAMIC_NO_PIC = NO;
				GCC_NO_COMMON_BLOCKS = YES;
				GCC_OPTIMIZATION_LEVEL = 0;
				GCC_PREPROCESSOR_DEFINITIONS = (
					"DEBUG=1",
					"$(inherited)",
				);
				GCC_WARN_64_TO_32_BIT_CONVERSION = YES;
				GCC_WARN_ABOUT_RETURN_TYPE = YES_ERROR;
				GCC_WARN_UNDECLARED_SELECTOR = YES;
				GCC_WARN_UNINITIALIZED_AUTOS = YES_AGGRESSIVE;
				GCC_WARN_UNUSED_FUNCTION = YES;
				GCC_WARN_UNUSED_VARIABLE = YES;
				IPHONEOS_DEPLOYMENT_TARGET = 9.3;
				MTL_ENABLE_DEBUG_INFO = YES;
				ONLY_ACTIVE_ARCH = YES;
				SDKROOT = iphoneos;
				SWIFT_OPTIMIZATION_LEVEL = "-Onone";
			};
			name = Debug;
		};
		43FF4BFD1F08B3D600DF3B70 /* Release */ = {
			isa = XCBuildConfiguration;
			buildSettings = {
				ALWAYS_SEARCH_USER_PATHS = NO;
				CLANG_ANALYZER_NONNULL = YES;
				CLANG_CXX_LANGUAGE_STANDARD = "gnu++0x";
				CLANG_CXX_LIBRARY = "libc++";
				CLANG_ENABLE_MODULES = YES;
				CLANG_ENABLE_OBJC_ARC = YES;
				CLANG_WARN_BOOL_CONVERSION = YES;
				CLANG_WARN_CONSTANT_CONVERSION = YES;
				CLANG_WARN_DIRECT_OBJC_ISA_USAGE = YES_ERROR;
				CLANG_WARN_EMPTY_BODY = YES;
				CLANG_WARN_ENUM_CONVERSION = YES;
				CLANG_WARN_INFINITE_RECURSION = YES;
				CLANG_WARN_INT_CONVERSION = YES;
				CLANG_WARN_OBJC_ROOT_CLASS = YES_ERROR;
				CLANG_WARN_SUSPICIOUS_MOVE = YES;
				CLANG_WARN_UNREACHABLE_CODE = YES;
				CLANG_WARN__DUPLICATE_METHOD_MATCH = YES;
				"CODE_SIGN_IDENTITY[sdk=iphoneos*]" = "iPhone Developer";
				COPY_PHASE_STRIP = NO;
				DEBUG_INFORMATION_FORMAT = "dwarf-with-dsym";
				ENABLE_NS_ASSERTIONS = NO;
				ENABLE_STRICT_OBJC_MSGSEND = YES;
				GCC_C_LANGUAGE_STANDARD = gnu99;
				GCC_NO_COMMON_BLOCKS = YES;
				GCC_WARN_64_TO_32_BIT_CONVERSION = YES;
				GCC_WARN_ABOUT_RETURN_TYPE = YES_ERROR;
				GCC_WARN_UNDECLARED_SELECTOR = YES;
				GCC_WARN_UNINITIALIZED_AUTOS = YES_AGGRESSIVE;
				GCC_WARN_UNUSED_FUNCTION = YES;
				GCC_WARN_UNUSED_VARIABLE = YES;
				IPHONEOS_DEPLOYMENT_TARGET = 9.3;
				MTL_ENABLE_DEBUG_INFO = NO;
				SDKROOT = iphoneos;
				SWIFT_OPTIMIZATION_LEVEL = "-Owholemodule";
				VALIDATE_PRODUCT = YES;
			};
			name = Release;
		};
		43FF4BFF1F08B3D600DF3B70 /* Debug */ = {
			isa = XCBuildConfiguration;
			buildSettings = {
				ASSETCATALOG_COMPILER_APPICON_NAME = AppIcon;
				INFOPLIST_FILE = Caculator/Info.plist;
				LD_RUNPATH_SEARCH_PATHS = "$(inherited) @executable_path/Frameworks";
				PRODUCT_BUNDLE_IDENTIFIER = vickenliu.github.io.Caculator;
				PRODUCT_NAME = "$(TARGET_NAME)";
				SWIFT_VERSION = 3.0;
			};
			name = Debug;
		};
		43FF4C001F08B3D600DF3B70 /* Release */ = {
			isa = XCBuildConfiguration;
			buildSettings = {
				ASSETCATALOG_COMPILER_APPICON_NAME = AppIcon;
				INFOPLIST_FILE = Caculator/Info.plist;
				LD_RUNPATH_SEARCH_PATHS = "$(inherited) @executable_path/Frameworks";
				PRODUCT_BUNDLE_IDENTIFIER = vickenliu.github.io.Caculator;
				PRODUCT_NAME = "$(TARGET_NAME)";
				SWIFT_VERSION = 3.0;
			};
			name = Release;
		};
/* End XCBuildConfiguration section */

/* Begin XCConfigurationList section */
		43FF4BE71F08B3D600DF3B70 /* Build configuration list for PBXProject "Caculator" */ = {
			isa = XCConfigurationList;
			buildConfigurations = (
				43FF4BFC1F08B3D600DF3B70 /* Debug */,
				43FF4BFD1F08B3D600DF3B70 /* Release */,
			);
			defaultConfigurationIsVisible = 0;
			defaultConfigurationName = Release;
		};
		43FF4BFE1F08B3D600DF3B70 /* Build configuration list for PBXNativeTarget "Caculator" */ = {
			isa = XCConfigurationList;
			buildConfigurations = (
				43FF4BFF1F08B3D600DF3B70 /* Debug */,
				43FF4C001F08B3D600DF3B70 /* Release */,
			);
			defaultConfigurationIsVisible = 0;
			defaultConfigurationName = Release;
		};
/* End XCConfigurationList section */
	};
	rootObject = 43FF4BE41F08B3D600DF3B70 /* Project object */;
}
