// !$*UTF8*$!
{
	archiveVersion = 1;
	classes = {
	};
	objectVersion = 46;
	objects = {

/* Begin PBXBuildFile section */
		372DF0A651486B716E14C0A3 /* Pods_3pages.framework in Frameworks */ = {isa = PBXBuildFile; fileRef = A1714C787AF901A135287825 /* Pods_3pages.framework */; };
		436D60661F483C0C002A6F0D /* AppDelegate.swift in Sources */ = {isa = PBXBuildFile; fileRef = 436D60651F483C0C002A6F0D /* AppDelegate.swift */; };
		436D606B1F483C0C002A6F0D /* Main.storyboard in Resources */ = {isa = PBXBuildFile; fileRef = 436D60691F483C0C002A6F0D /* Main.storyboard */; };
		436D606D1F483C0C002A6F0D /* Assets.xcassets in Resources */ = {isa = PBXBuildFile; fileRef = 436D606C1F483C0C002A6F0D /* Assets.xcassets */; };
		436D60701F483C0C002A6F0D /* LaunchScreen.storyboard in Resources */ = {isa = PBXBuildFile; fileRef = 436D606E1F483C0C002A6F0D /* LaunchScreen.storyboard */; };
		436D607A1F483E0D002A6F0D /* listsViewController.swift in Sources */ = {isa = PBXBuildFile; fileRef = 436D60791F483E0D002A6F0D /* listsViewController.swift */; };
		436D607C1F483EBD002A6F0D /* detailViewController.swift in Sources */ = {isa = PBXBuildFile; fileRef = 436D607B1F483EBD002A6F0D /* detailViewController.swift */; };
		436D607E1F483F93002A6F0D /* aboutViewController.swift in Sources */ = {isa = PBXBuildFile; fileRef = 436D607D1F483F93002A6F0D /* aboutViewController.swift */; };
		436D60801F4942DA002A6F0D /* List.swift in Sources */ = {isa = PBXBuildFile; fileRef = 436D607F1F4942DA002A6F0D /* List.swift */; };
		43F61D9B1F52A5D00034EB2F /* ToDoViewController.swift in Sources */ = {isa = PBXBuildFile; fileRef = 43F61D9A1F52A5D00034EB2F /* ToDoViewController.swift */; };
		43F61DA01F64E75D0034EB2F /* extension.swift in Sources */ = {isa = PBXBuildFile; fileRef = 43F61D9F1F64E75D0034EB2F /* extension.swift */; };
/* End PBXBuildFile section */

/* Begin PBXFileReference section */
		436D60621F483C0C002A6F0D /* 3pages.app */ = {isa = PBXFileReference; explicitFileType = wrapper.application; includeInIndex = 0; path = 3pages.app; sourceTree = BUILT_PRODUCTS_DIR; };
		436D60651F483C0C002A6F0D /* AppDelegate.swift */ = {isa = PBXFileReference; lastKnownFileType = sourcecode.swift; path = AppDelegate.swift; sourceTree = "<group>"; };
		436D606A1F483C0C002A6F0D /* Base */ = {isa = PBXFileReference; lastKnownFileType = file.storyboard; name = Base; path = Base.lproj/Main.storyboard; sourceTree = "<group>"; };
		436D606C1F483C0C002A6F0D /* Assets.xcassets */ = {isa = PBXFileReference; lastKnownFileType = folder.assetcatalog; path = Assets.xcassets; sourceTree = "<group>"; };
		436D606F1F483C0C002A6F0D /* Base */ = {isa = PBXFileReference; lastKnownFileType = file.storyboard; name = Base; path = Base.lproj/LaunchScreen.storyboard; sourceTree = "<group>"; };
		436D60711F483C0C002A6F0D /* Info.plist */ = {isa = PBXFileReference; lastKnownFileType = text.plist.xml; path = Info.plist; sourceTree = "<group>"; };
		436D60791F483E0D002A6F0D /* listsViewController.swift */ = {isa = PBXFileReference; fileEncoding = 4; lastKnownFileType = sourcecode.swift; name = listsViewController.swift; path = ../listsViewController.swift; sourceTree = "<group>"; };
		436D607B1F483EBD002A6F0D /* detailViewController.swift */ = {isa = PBXFileReference; fileEncoding = 4; lastKnownFileType = sourcecode.swift; path = detailViewController.swift; sourceTree = "<group>"; };
		436D607D1F483F93002A6F0D /* aboutViewController.swift */ = {isa = PBXFileReference; fileEncoding = 4; lastKnownFileType = sourcecode.swift; path = aboutViewController.swift; sourceTree = "<group>"; };
		436D607F1F4942DA002A6F0D /* List.swift */ = {isa = PBXFileReference; fileEncoding = 4; lastKnownFileType = sourcecode.swift; path = List.swift; sourceTree = "<group>"; };
		43F61D9A1F52A5D00034EB2F /* ToDoViewController.swift */ = {isa = PBXFileReference; fileEncoding = 4; lastKnownFileType = sourcecode.swift; path = ToDoViewController.swift; sourceTree = "<group>"; };
		43F61D9F1F64E75D0034EB2F /* extension.swift */ = {isa = PBXFileReference; fileEncoding = 4; lastKnownFileType = sourcecode.swift; path = extension.swift; sourceTree = "<group>"; };
		525562F951C74623F1B438D4 /* Pods-3pages.debug.xcconfig */ = {isa = PBXFileReference; includeInIndex = 1; lastKnownFileType = text.xcconfig; name = "Pods-3pages.debug.xcconfig"; path = "Pods/Target Support Files/Pods-3pages/Pods-3pages.debug.xcconfig"; sourceTree = "<group>"; };
		A1714C787AF901A135287825 /* Pods_3pages.framework */ = {isa = PBXFileReference; explicitFileType = wrapper.framework; includeInIndex = 0; path = Pods_3pages.framework; sourceTree = BUILT_PRODUCTS_DIR; };
		B0454C8F7C01329A1F64E0E6 /* Pods-3pages.release.xcconfig */ = {isa = PBXFileReference; includeInIndex = 1; lastKnownFileType = text.xcconfig; name = "Pods-3pages.release.xcconfig"; path = "Pods/Target Support Files/Pods-3pages/Pods-3pages.release.xcconfig"; sourceTree = "<group>"; };
/* End PBXFileReference section */

/* Begin PBXFrameworksBuildPhase section */
		436D605F1F483C0C002A6F0D /* Frameworks */ = {
			isa = PBXFrameworksBuildPhase;
			buildActionMask = 2147483647;
			files = (
				372DF0A651486B716E14C0A3 /* Pods_3pages.framework in Frameworks */,
			);
			runOnlyForDeploymentPostprocessing = 0;
		};
/* End PBXFrameworksBuildPhase section */

/* Begin PBXGroup section */
		136F73FBADEB9461C2E78240 /* Pods */ = {
			isa = PBXGroup;
			children = (
				525562F951C74623F1B438D4 /* Pods-3pages.debug.xcconfig */,
				B0454C8F7C01329A1F64E0E6 /* Pods-3pages.release.xcconfig */,
			);
			name = Pods;
			sourceTree = "<group>";
		};
		339A4C264AEB4F2B731314D2 /* Frameworks */ = {
			isa = PBXGroup;
			children = (
				A1714C787AF901A135287825 /* Pods_3pages.framework */,
			);
			name = Frameworks;
			sourceTree = "<group>";
		};
		436D60591F483C0C002A6F0D = {
			isa = PBXGroup;
			children = (
				436D60641F483C0C002A6F0D /* 3pages */,
				436D60631F483C0C002A6F0D /* Products */,
				136F73FBADEB9461C2E78240 /* Pods */,
				339A4C264AEB4F2B731314D2 /* Frameworks */,
			);
			sourceTree = "<group>";
		};
		436D60631F483C0C002A6F0D /* Products */ = {
			isa = PBXGroup;
			children = (
				436D60621F483C0C002A6F0D /* 3pages.app */,
			);
			name = Products;
			sourceTree = "<group>";
		};
		436D60641F483C0C002A6F0D /* 3pages */ = {
			isa = PBXGroup;
			children = (
				43F61D9E1F64E7350034EB2F /* extension */,
				43F61D951F52A07D0034EB2F /* controllers */,
				436D607F1F4942DA002A6F0D /* List.swift */,
				436D60651F483C0C002A6F0D /* AppDelegate.swift */,
				436D60691F483C0C002A6F0D /* Main.storyboard */,
				436D606C1F483C0C002A6F0D /* Assets.xcassets */,
				436D606E1F483C0C002A6F0D /* LaunchScreen.storyboard */,
				436D60711F483C0C002A6F0D /* Info.plist */,
			);
			path = 3pages;
			sourceTree = "<group>";
		};
		43F61D951F52A07D0034EB2F /* controllers */ = {
			isa = PBXGroup;
			children = (
				436D60791F483E0D002A6F0D /* listsViewController.swift */,
				436D607B1F483EBD002A6F0D /* detailViewController.swift */,
				436D607D1F483F93002A6F0D /* aboutViewController.swift */,
				43F61D9A1F52A5D00034EB2F /* ToDoViewController.swift */,
			);
			name = controllers;
			sourceTree = "<group>";
		};
		43F61D9E1F64E7350034EB2F /* extension */ = {
			isa = PBXGroup;
			children = (
				43F61D9F1F64E75D0034EB2F /* extension.swift */,
			);
			name = extension;
			sourceTree = "<group>";
		};
/* End PBXGroup section */

/* Begin PBXNativeTarget section */
		436D60611F483C0C002A6F0D /* 3pages */ = {
			isa = PBXNativeTarget;
			buildConfigurationList = 436D60741F483C0C002A6F0D /* Build configuration list for PBXNativeTarget "3pages" */;
			buildPhases = (
				3A7835D1CF901E8B83970901 /* [CP] Check Pods Manifest.lock */,
				436D605E1F483C0C002A6F0D /* Sources */,
				436D605F1F483C0C002A6F0D /* Frameworks */,
				436D60601F483C0C002A6F0D /* Resources */,
				670A7CCAF889EE22709E631B /* [CP] Embed Pods Frameworks */,
				27AB0977B45C21C177F16276 /* [CP] Copy Pods Resources */,
			);
			buildRules = (
			);
			dependencies = (
			);
			name = 3pages;
			productName = 3pages;
			productReference = 436D60621F483C0C002A6F0D /* 3pages.app */;
			productType = "com.apple.product-type.application";
		};
/* End PBXNativeTarget section */

/* Begin PBXProject section */
		436D605A1F483C0C002A6F0D /* Project object */ = {
			isa = PBXProject;
			attributes = {
				LastSwiftUpdateCheck = 0830;
				LastUpgradeCheck = 0830;
				ORGANIZATIONNAME = Vicken;
				TargetAttributes = {
					436D60611F483C0C002A6F0D = {
						CreatedOnToolsVersion = 8.3.3;
						DevelopmentTeam = P7P428GTUM;
						ProvisioningStyle = Automatic;
					};
				};
			};
			buildConfigurationList = 436D605D1F483C0C002A6F0D /* Build configuration list for PBXProject "3pages" */;
			compatibilityVersion = "Xcode 3.2";
			developmentRegion = English;
			hasScannedForEncodings = 0;
			knownRegions = (
				en,
				Base,
			);
			mainGroup = 436D60591F483C0C002A6F0D;
			productRefGroup = 436D60631F483C0C002A6F0D /* Products */;
			projectDirPath = "";
			projectRoot = "";
			targets = (
				436D60611F483C0C002A6F0D /* 3pages */,
			);
		};
/* End PBXProject section */

/* Begin PBXResourcesBuildPhase section */
		436D60601F483C0C002A6F0D /* Resources */ = {
			isa = PBXResourcesBuildPhase;
			buildActionMask = 2147483647;
			files = (
				436D60701F483C0C002A6F0D /* LaunchScreen.storyboard in Resources */,
				436D606D1F483C0C002A6F0D /* Assets.xcassets in Resources */,
				436D606B1F483C0C002A6F0D /* Main.storyboard in Resources */,
			);
			runOnlyForDeploymentPostprocessing = 0;
		};
/* End PBXResourcesBuildPhase section */

/* Begin PBXShellScriptBuildPhase section */
		27AB0977B45C21C177F16276 /* [CP] Copy Pods Resources */ = {
			isa = PBXShellScriptBuildPhase;
			buildActionMask = 2147483647;
			files = (
			);
			inputPaths = (
			);
			name = "[CP] Copy Pods Resources";
			outputPaths = (
			);
			runOnlyForDeploymentPostprocessing = 0;
			shellPath = /bin/sh;
			shellScript = "\"${SRCROOT}/Pods/Target Support Files/Pods-3pages/Pods-3pages-resources.sh\"\n";
			showEnvVarsInLog = 0;
		};
		3A7835D1CF901E8B83970901 /* [CP] Check Pods Manifest.lock */ = {
			isa = PBXShellScriptBuildPhase;
			buildActionMask = 2147483647;
			files = (
			);
			inputPaths = (
				"${PODS_PODFILE_DIR_PATH}/Podfile.lock",
				"${PODS_ROOT}/Manifest.lock",
			);
			name = "[CP] Check Pods Manifest.lock";
			outputPaths = (
				"$(DERIVED_FILE_DIR)/Pods-3pages-checkManifestLockResult.txt",
			);
			runOnlyForDeploymentPostprocessing = 0;
			shellPath = /bin/sh;
			shellScript = "diff \"${PODS_PODFILE_DIR_PATH}/Podfile.lock\" \"${PODS_ROOT}/Manifest.lock\" > /dev/null\nif [ $? != 0 ] ; then\n    # print error to STDERR\n    echo \"error: The sandbox is not in sync with the Podfile.lock. Run 'pod install' or update your CocoaPods installation.\" >&2\n    exit 1\nfi\n# This output is used by Xcode 'outputs' to avoid re-running this script phase.\necho \"SUCCESS\" > \"${SCRIPT_OUTPUT_FILE_0}\"\n";
			showEnvVarsInLog = 0;
		};
		670A7CCAF889EE22709E631B /* [CP] Embed Pods Frameworks */ = {
			isa = PBXShellScriptBuildPhase;
			buildActionMask = 2147483647;
			files = (
			);
			inputPaths = (
				"${SRCROOT}/Pods/Target Support Files/Pods-3pages/Pods-3pages-frameworks.sh",
				"${BUILT_PRODUCTS_DIR}/SwiftSpinner/SwiftSpinner.framework",
			);
			name = "[CP] Embed Pods Frameworks";
			outputPaths = (
				"${TARGET_BUILD_DIR}/${FRAMEWORKS_FOLDER_PATH}/SwiftSpinner.framework",
			);
			runOnlyForDeploymentPostprocessing = 0;
			shellPath = /bin/sh;
			shellScript = "\"${SRCROOT}/Pods/Target Support Files/Pods-3pages/Pods-3pages-frameworks.sh\"\n";
			showEnvVarsInLog = 0;
		};
/* End PBXShellScriptBuildPhase section */

/* Begin PBXSourcesBuildPhase section */
		436D605E1F483C0C002A6F0D /* Sources */ = {
			isa = PBXSourcesBuildPhase;
			buildActionMask = 2147483647;
			files = (
				436D607A1F483E0D002A6F0D /* listsViewController.swift in Sources */,
				43F61DA01F64E75D0034EB2F /* extension.swift in Sources */,
				436D60661F483C0C002A6F0D /* AppDelegate.swift in Sources */,
				436D607E1F483F93002A6F0D /* aboutViewController.swift in Sources */,
				436D60801F4942DA002A6F0D /* List.swift in Sources */,
				43F61D9B1F52A5D00034EB2F /* ToDoViewController.swift in Sources */,
				436D607C1F483EBD002A6F0D /* detailViewController.swift in Sources */,
			);
			runOnlyForDeploymentPostprocessing = 0;
		};
/* End PBXSourcesBuildPhase section */

/* Begin PBXVariantGroup section */
		436D60691F483C0C002A6F0D /* Main.storyboard */ = {
			isa = PBXVariantGroup;
			children = (
				436D606A1F483C0C002A6F0D /* Base */,
			);
			name = Main.storyboard;
			sourceTree = "<group>";
		};
		436D606E1F483C0C002A6F0D /* LaunchScreen.storyboard */ = {
			isa = PBXVariantGroup;
			children = (
				436D606F1F483C0C002A6F0D /* Base */,
			);
			name = LaunchScreen.storyboard;
			sourceTree = "<group>";
		};
/* End PBXVariantGroup section */

/* Begin XCBuildConfiguration section */
		436D60721F483C0C002A6F0D /* Debug */ = {
			isa = XCBuildConfiguration;
			buildSettings = {
				ALWAYS_SEARCH_USER_PATHS = NO;
				CLANG_ANALYZER_NONNULL = YES;
				CLANG_ANALYZER_NUMBER_OBJECT_CONVERSION = YES_AGGRESSIVE;
				CLANG_CXX_LANGUAGE_STANDARD = "gnu++0x";
				CLANG_CXX_LIBRARY = "libc++";
				CLANG_ENABLE_MODULES = YES;
				CLANG_ENABLE_OBJC_ARC = YES;
				CLANG_WARN_BOOL_CONVERSION = YES;
				CLANG_WARN_CONSTANT_CONVERSION = YES;
				CLANG_WARN_DIRECT_OBJC_ISA_USAGE = YES_ERROR;
				CLANG_WARN_DOCUMENTATION_COMMENTS = YES;
				CLANG_WARN_EMPTY_BODY = YES;
				CLANG_WARN_ENUM_CONVERSION = YES;
				CLANG_WARN_INFINITE_RECURSION = YES;
				CLANG_WARN_INT_CONVERSION = YES;
				CLANG_WARN_OBJC_ROOT_CLASS = YES_ERROR;
				CLANG_WARN_SUSPICIOUS_MOVE = YES;
				CLANG_WARN_UNREACHABLE_CODE = YES;
				CLANG_WARN__DUPLICATE_METHOD_MATCH = YES;
				"CODE_SIGN_IDENTITY[sdk=iphoneos*]" = "iPhone Developer";
				COPY_PHASE_STRIP = NO;
				DEBUG_INFORMATION_FORMAT = dwarf;
				ENABLE_STRICT_OBJC_MSGSEND = YES;
				ENABLE_TESTABILITY = YES;
				GCC_C_LANGUAGE_STANDARD = gnu99;
				GCC_DYNAMIC_NO_PIC = NO;
				GCC_NO_COMMON_BLOCKS = YES;
				GCC_OPTIMIZATION_LEVEL = 0;
				GCC_PREPROCESSOR_DEFINITIONS = (
					"DEBUG=1",
					"$(inherited)",
				);
				GCC_WARN_64_TO_32_BIT_CONVERSION = YES;
				GCC_WARN_ABOUT_RETURN_TYPE = YES_ERROR;
				GCC_WARN_UNDECLARED_SELECTOR = YES;
				GCC_WARN_UNINITIALIZED_AUTOS = YES_AGGRESSIVE;
				GCC_WARN_UNUSED_FUNCTION = YES;
				GCC_WARN_UNUSED_VARIABLE = YES;
				IPHONEOS_DEPLOYMENT_TARGET = 10.3;
				MTL_ENABLE_DEBUG_INFO = YES;
				ONLY_ACTIVE_ARCH = YES;
				SDKROOT = iphoneos;
				SWIFT_ACTIVE_COMPILATION_CONDITIONS = DEBUG;
				SWIFT_OPTIMIZATION_LEVEL = "-Onone";
			};
			name = Debug;
		};
		436D60731F483C0C002A6F0D /* Release */ = {
			isa = XCBuildConfiguration;
			buildSettings = {
				ALWAYS_SEARCH_USER_PATHS = NO;
				CLANG_ANALYZER_NONNULL = YES;
				CLANG_ANALYZER_NUMBER_OBJECT_CONVERSION = YES_AGGRESSIVE;
				CLANG_CXX_LANGUAGE_STANDARD = "gnu++0x";
				CLANG_CXX_LIBRARY = "libc++";
				CLANG_ENABLE_MODULES = YES;
				CLANG_ENABLE_OBJC_ARC = YES;
				CLANG_WARN_BOOL_CONVERSION = YES;
				CLANG_WARN_CONSTANT_CONVERSION = YES;
				CLANG_WARN_DIRECT_OBJC_ISA_USAGE = YES_ERROR;
				CLANG_WARN_DOCUMENTATION_COMMENTS = YES;
				CLANG_WARN_EMPTY_BODY = YES;
				CLANG_WARN_ENUM_CONVERSION = YES;
				CLANG_WARN_INFINITE_RECURSION = YES;
				CLANG_WARN_INT_CONVERSION = YES;
				CLANG_WARN_OBJC_ROOT_CLASS = YES_ERROR;
				CLANG_WARN_SUSPICIOUS_MOVE = YES;
				CLANG_WARN_UNREACHABLE_CODE = YES;
				CLANG_WARN__DUPLICATE_METHOD_MATCH = YES;
				"CODE_SIGN_IDENTITY[sdk=iphoneos*]" = "iPhone Developer";
				COPY_PHASE_STRIP = NO;
				DEBUG_INFORMATION_FORMAT = "dwarf-with-dsym";
				ENABLE_NS_ASSERTIONS = NO;
				ENABLE_STRICT_OBJC_MSGSEND = YES;
				GCC_C_LANGUAGE_STANDARD = gnu99;
				GCC_NO_COMMON_BLOCKS = YES;
				GCC_WARN_64_TO_32_BIT_CONVERSION = YES;
				GCC_WARN_ABOUT_RETURN_TYPE = YES_ERROR;
				GCC_WARN_UNDECLARED_SELECTOR = YES;
				GCC_WARN_UNINITIALIZED_AUTOS = YES_AGGRESSIVE;
				GCC_WARN_UNUSED_FUNCTION = YES;
				GCC_WARN_UNUSED_VARIABLE = YES;
				IPHONEOS_DEPLOYMENT_TARGET = 10.3;
				MTL_ENABLE_DEBUG_INFO = NO;
				SDKROOT = iphoneos;
				SWIFT_OPTIMIZATION_LEVEL = "-Owholemodule";
				VALIDATE_PRODUCT = YES;
			};
			name = Release;
		};
		436D60751F483C0C002A6F0D /* Debug */ = {
			isa = XCBuildConfiguration;
			baseConfigurationReference = 525562F951C74623F1B438D4 /* Pods-3pages.debug.xcconfig */;
			buildSettings = {
				ASSETCATALOG_COMPILER_APPICON_NAME = AppIcon;
				DEVELOPMENT_TEAM = P7P428GTUM;
				INFOPLIST_FILE = 3pages/Info.plist;
				LD_RUNPATH_SEARCH_PATHS = "$(inherited) @executable_path/Frameworks";
				PRODUCT_BUNDLE_IDENTIFIER = "vickenliu.github.io.-pages";
				PRODUCT_NAME = "$(TARGET_NAME)";
				SWIFT_VERSION = 3.0;
			};
			name = Debug;
		};
		436D60761F483C0C002A6F0D /* Release */ = {
			isa = XCBuildConfiguration;
			baseConfigurationReference = B0454C8F7C01329A1F64E0E6 /* Pods-3pages.release.xcconfig */;
			buildSettings = {
				ASSETCATALOG_COMPILER_APPICON_NAME = AppIcon;
				DEVELOPMENT_TEAM = P7P428GTUM;
				INFOPLIST_FILE = 3pages/Info.plist;
				LD_RUNPATH_SEARCH_PATHS = "$(inherited) @executable_path/Frameworks";
				PRODUCT_BUNDLE_IDENTIFIER = "vickenliu.github.io.-pages";
				PRODUCT_NAME = "$(TARGET_NAME)";
				SWIFT_VERSION = 3.0;
			};
			name = Release;
		};
/* End XCBuildConfiguration section */

/* Begin XCConfigurationList section */
		436D605D1F483C0C002A6F0D /* Build configuration list for PBXProject "3pages" */ = {
			isa = XCConfigurationList;
			buildConfigurations = (
				436D60721F483C0C002A6F0D /* Debug */,
				436D60731F483C0C002A6F0D /* Release */,
			);
			defaultConfigurationIsVisible = 0;
			defaultConfigurationName = Release;
		};
		436D60741F483C0C002A6F0D /* Build configuration list for PBXNativeTarget "3pages" */ = {
			isa = XCConfigurationList;
			buildConfigurations = (
				436D60751F483C0C002A6F0D /* Debug */,
				436D60761F483C0C002A6F0D /* Release */,
			);
			defaultConfigurationIsVisible = 0;
			defaultConfigurationName = Release;
		};
/* End XCConfigurationList section */
	};
	rootObject = 436D605A1F483C0C002A6F0D /* Project object */;
}
